// !$*UTF8*$!
{
	archiveVersion = 1;
	classes = {
	};
	objectVersion = 56;
	objects = {

/* Begin PBXBuildFile section */
		66B13E442AF9622E0076F346 /* MobileAppApp.swift in Sources */ = {isa = PBXBuildFile; fileRef = 66B13E432AF9622E0076F346 /* MobileAppApp.swift */; };
		66B13E462AF9622E0076F346 /* ContentView.swift in Sources */ = {isa = PBXBuildFile; fileRef = 66B13E452AF9622E0076F346 /* ContentView.swift */; };
		66B13E482AF9622F0076F346 /* Assets.xcassets in Resources */ = {isa = PBXBuildFile; fileRef = 66B13E472AF9622F0076F346 /* Assets.xcassets */; };
		66B13E4C2AF9622F0076F346 /* Preview Assets.xcassets in Resources */ = {isa = PBXBuildFile; fileRef = 66B13E4B2AF9622F0076F346 /* Preview Assets.xcassets */; };
		66B13E562AF9622F0076F346 /* MobileAppTests.swift in Sources */ = {isa = PBXBuildFile; fileRef = 66B13E552AF9622F0076F346 /* MobileAppTests.swift */; };
		66B13E602AF9622F0076F346 /* MobileAppUITests.swift in Sources */ = {isa = PBXBuildFile; fileRef = 66B13E5F2AF9622F0076F346 /* MobileAppUITests.swift */; };
		66B13E622AF9622F0076F346 /* MobileAppUITestsLaunchTests.swift in Sources */ = {isa = PBXBuildFile; fileRef = 66B13E612AF9622F0076F346 /* MobileAppUITestsLaunchTests.swift */; };
		66B13E712AF9C6450076F346 /* SwiftUIView.swift in Sources */ = {isa = PBXBuildFile; fileRef = 66B13E702AF9C6450076F346 /* SwiftUIView.swift */; };
		66C865E12AFBB6CE00DEC60D /* ChatView.swift in Sources */ = {isa = PBXBuildFile; fileRef = 66C865E02AFBB6CE00DEC60D /* ChatView.swift */; };
		66C865E52AFBD2E700DEC60D /* Messagerie.swift in Sources */ = {isa = PBXBuildFile; fileRef = 66C865E42AFBD2E700DEC60D /* Messagerie.swift */; };
		66C865E72AFBDB8E00DEC60D /* BotResponse.swift in Sources */ = {isa = PBXBuildFile; fileRef = 66C865E62AFBDB8E00DEC60D /* BotResponse.swift */; };
/* End PBXBuildFile section */

/* Begin PBXContainerItemProxy section */
		66B13E522AF9622F0076F346 /* PBXContainerItemProxy */ = {
			isa = PBXContainerItemProxy;
			containerPortal = 66B13E382AF9622E0076F346 /* Project object */;
			proxyType = 1;
			remoteGlobalIDString = 66B13E3F2AF9622E0076F346;
			remoteInfo = MobileApp;
		};
		66B13E5C2AF9622F0076F346 /* PBXContainerItemProxy */ = {
			isa = PBXContainerItemProxy;
			containerPortal = 66B13E382AF9622E0076F346 /* Project object */;
			proxyType = 1;
			remoteGlobalIDString = 66B13E3F2AF9622E0076F346;
			remoteInfo = MobileApp;
		};
/* End PBXContainerItemProxy section */

/* Begin PBXFileReference section */
		66B13E402AF9622E0076F346 /* MobileApp.app */ = {isa = PBXFileReference; explicitFileType = wrapper.application; includeInIndex = 0; path = MobileApp.app; sourceTree = BUILT_PRODUCTS_DIR; };
		66B13E432AF9622E0076F346 /* MobileAppApp.swift */ = {isa = PBXFileReference; lastKnownFileType = sourcecode.swift; path = MobileAppApp.swift; sourceTree = "<group>"; };
		66B13E452AF9622E0076F346 /* ContentView.swift */ = {isa = PBXFileReference; lastKnownFileType = sourcecode.swift; path = ContentView.swift; sourceTree = "<group>"; };
		66B13E472AF9622F0076F346 /* Assets.xcassets */ = {isa = PBXFileReference; lastKnownFileType = folder.assetcatalog; path = Assets.xcassets; sourceTree = "<group>"; };
		66B13E492AF9622F0076F346 /* MobileApp.entitlements */ = {isa = PBXFileReference; lastKnownFileType = text.plist.entitlements; path = MobileApp.entitlements; sourceTree = "<group>"; };
		66B13E4B2AF9622F0076F346 /* Preview Assets.xcassets */ = {isa = PBXFileReference; lastKnownFileType = folder.assetcatalog; path = "Preview Assets.xcassets"; sourceTree = "<group>"; };
		66B13E512AF9622F0076F346 /* MobileAppTests.xctest */ = {isa = PBXFileReference; explicitFileType = wrapper.cfbundle; includeInIndex = 0; path = MobileAppTests.xctest; sourceTree = BUILT_PRODUCTS_DIR; };
		66B13E552AF9622F0076F346 /* MobileAppTests.swift */ = {isa = PBXFileReference; lastKnownFileType = sourcecode.swift; path = MobileAppTests.swift; sourceTree = "<group>"; };
		66B13E5B2AF9622F0076F346 /* MobileAppUITests.xctest */ = {isa = PBXFileReference; explicitFileType = wrapper.cfbundle; includeInIndex = 0; path = MobileAppUITests.xctest; sourceTree = BUILT_PRODUCTS_DIR; };
		66B13E5F2AF9622F0076F346 /* MobileAppUITests.swift */ = {isa = PBXFileReference; lastKnownFileType = sourcecode.swift; path = MobileAppUITests.swift; sourceTree = "<group>"; };
		66B13E612AF9622F0076F346 /* MobileAppUITestsLaunchTests.swift */ = {isa = PBXFileReference; lastKnownFileType = sourcecode.swift; path = MobileAppUITestsLaunchTests.swift; sourceTree = "<group>"; };
		66B13E702AF9C6450076F346 /* SwiftUIView.swift */ = {isa = PBXFileReference; lastKnownFileType = sourcecode.swift; path = SwiftUIView.swift; sourceTree = "<group>"; };
		66C865E02AFBB6CE00DEC60D /* ChatView.swift */ = {isa = PBXFileReference; lastKnownFileType = sourcecode.swift; path = ChatView.swift; sourceTree = "<group>"; };
		66C865E42AFBD2E700DEC60D /* Messagerie.swift */ = {isa = PBXFileReference; lastKnownFileType = sourcecode.swift; path = Messagerie.swift; sourceTree = "<group>"; };
		66C865E62AFBDB8E00DEC60D /* BotResponse.swift */ = {isa = PBXFileReference; lastKnownFileType = sourcecode.swift; path = BotResponse.swift; sourceTree = "<group>"; };
/* End PBXFileReference section */

/* Begin PBXFrameworksBuildPhase section */
		66B13E3D2AF9622E0076F346 /* Frameworks */ = {
			isa = PBXFrameworksBuildPhase;
			buildActionMask = 2147483647;
			files = (
			);
			runOnlyForDeploymentPostprocessing = 0;
		};
		66B13E4E2AF9622F0076F346 /* Frameworks */ = {
			isa = PBXFrameworksBuildPhase;
			buildActionMask = 2147483647;
			files = (
			);
			runOnlyForDeploymentPostprocessing = 0;
		};
		66B13E582AF9622F0076F346 /* Frameworks */ = {
			isa = PBXFrameworksBuildPhase;
			buildActionMask = 2147483647;
			files = (
			);
			runOnlyForDeploymentPostprocessing = 0;
		};
/* End PBXFrameworksBuildPhase section */

/* Begin PBXGroup section */
		66B13E372AF9622E0076F346 = {
			isa = PBXGroup;
			children = (
				66B13E422AF9622E0076F346 /* MobileApp */,
				66B13E542AF9622F0076F346 /* MobileAppTests */,
				66B13E5E2AF9622F0076F346 /* MobileAppUITests */,
				66B13E412AF9622E0076F346 /* Products */,
			);
			sourceTree = "<group>";
		};
		66B13E412AF9622E0076F346 /* Products */ = {
			isa = PBXGroup;
			children = (
				66B13E402AF9622E0076F346 /* MobileApp.app */,
				66B13E512AF9622F0076F346 /* MobileAppTests.xctest */,
				66B13E5B2AF9622F0076F346 /* MobileAppUITests.xctest */,
			);
			name = Products;
			sourceTree = "<group>";
		};
		66B13E422AF9622E0076F346 /* MobileApp */ = {
			isa = PBXGroup;
			children = (
				66C865DF2AFBB67100DEC60D /* ViewModels */,
				66C865DE2AFBB66700DEC60D /* Models */,
				66C865DD2AFBB65300DEC60D /* Views */,
				66B13E432AF9622E0076F346 /* MobileAppApp.swift */,
				66B13E472AF9622F0076F346 /* Assets.xcassets */,
				66B13E492AF9622F0076F346 /* MobileApp.entitlements */,
				66B13E4A2AF9622F0076F346 /* Preview Content */,
			);
			path = MobileApp;
			sourceTree = "<group>";
		};
		66B13E4A2AF9622F0076F346 /* Preview Content */ = {
			isa = PBXGroup;
			children = (
				66B13E4B2AF9622F0076F346 /* Preview Assets.xcassets */,
			);
			path = "Preview Content";
			sourceTree = "<group>";
		};
		66B13E542AF9622F0076F346 /* MobileAppTests */ = {
			isa = PBXGroup;
			children = (
				66B13E552AF9622F0076F346 /* MobileAppTests.swift */,
			);
			path = MobileAppTests;
			sourceTree = "<group>";
		};
		66B13E5E2AF9622F0076F346 /* MobileAppUITests */ = {
			isa = PBXGroup;
			children = (
				66B13E5F2AF9622F0076F346 /* MobileAppUITests.swift */,
				66B13E612AF9622F0076F346 /* MobileAppUITestsLaunchTests.swift */,
			);
			path = MobileAppUITests;
			sourceTree = "<group>";
		};
		66C865DD2AFBB65300DEC60D /* Views */ = {
			isa = PBXGroup;
			children = (
				66B13E702AF9C6450076F346 /* SwiftUIView.swift */,
				66B13E452AF9622E0076F346 /* ContentView.swift */,
				66C865E02AFBB6CE00DEC60D /* ChatView.swift */,
				66C865E42AFBD2E700DEC60D /* Messagerie.swift */,
			);
			path = Views;
			sourceTree = "<group>";
		};
		66C865DE2AFBB66700DEC60D /* Models */ = {
			isa = PBXGroup;
			children = (
				66C865E62AFBDB8E00DEC60D /* BotResponse.swift */,
			);
			path = Models;
			sourceTree = "<group>";
		};
		66C865DF2AFBB67100DEC60D /* ViewModels */ = {
			isa = PBXGroup;
			children = (
			);
			path = ViewModels;
			sourceTree = "<group>";
		};
/* End PBXGroup section */

/* Begin PBXNativeTarget section */
		66B13E3F2AF9622E0076F346 /* MobileApp */ = {
			isa = PBXNativeTarget;
			buildConfigurationList = 66B13E652AF9622F0076F346 /* Build configuration list for PBXNativeTarget "MobileApp" */;
			buildPhases = (
				66B13E3C2AF9622E0076F346 /* Sources */,
				66B13E3D2AF9622E0076F346 /* Frameworks */,
				66B13E3E2AF9622E0076F346 /* Resources */,
			);
			buildRules = (
			);
			dependencies = (
			);
			name = MobileApp;
			productName = MobileApp;
			productReference = 66B13E402AF9622E0076F346 /* MobileApp.app */;
			productType = "com.apple.product-type.application";
		};
		66B13E502AF9622F0076F346 /* MobileAppTests */ = {
			isa = PBXNativeTarget;
			buildConfigurationList = 66B13E682AF9622F0076F346 /* Build configuration list for PBXNativeTarget "MobileAppTests" */;
			buildPhases = (
				66B13E4D2AF9622F0076F346 /* Sources */,
				66B13E4E2AF9622F0076F346 /* Frameworks */,
				66B13E4F2AF9622F0076F346 /* Resources */,
			);
			buildRules = (
			);
			dependencies = (
				66B13E532AF9622F0076F346 /* PBXTargetDependency */,
			);
			name = MobileAppTests;
			productName = MobileAppTests;
			productReference = 66B13E512AF9622F0076F346 /* MobileAppTests.xctest */;
			productType = "com.apple.product-type.bundle.unit-test";
		};
		66B13E5A2AF9622F0076F346 /* MobileAppUITests */ = {
			isa = PBXNativeTarget;
			buildConfigurationList = 66B13E6B2AF9622F0076F346 /* Build configuration list for PBXNativeTarget "MobileAppUITests" */;
			buildPhases = (
				66B13E572AF9622F0076F346 /* Sources */,
				66B13E582AF9622F0076F346 /* Frameworks */,
				66B13E592AF9622F0076F346 /* Resources */,
			);
			buildRules = (
			);
			dependencies = (
				66B13E5D2AF9622F0076F346 /* PBXTargetDependency */,
			);
			name = MobileAppUITests;
			productName = MobileAppUITests;
			productReference = 66B13E5B2AF9622F0076F346 /* MobileAppUITests.xctest */;
			productType = "com.apple.product-type.bundle.ui-testing";
		};
/* End PBXNativeTarget section */

/* Begin PBXProject section */
		66B13E382AF9622E0076F346 /* Project object */ = {
			isa = PBXProject;
			attributes = {
				BuildIndependentTargetsInParallel = 1;
				LastSwiftUpdateCheck = 1410;
				LastUpgradeCheck = 1410;
				TargetAttributes = {
					66B13E3F2AF9622E0076F346 = {
						CreatedOnToolsVersion = 14.1;
					};
					66B13E502AF9622F0076F346 = {
						CreatedOnToolsVersion = 14.1;
						TestTargetID = 66B13E3F2AF9622E0076F346;
					};
					66B13E5A2AF9622F0076F346 = {
						CreatedOnToolsVersion = 14.1;
						TestTargetID = 66B13E3F2AF9622E0076F346;
					};
				};
			};
			buildConfigurationList = 66B13E3B2AF9622E0076F346 /* Build configuration list for PBXProject "MobileApp" */;
			compatibilityVersion = "Xcode 14.0";
			developmentRegion = en;
			hasScannedForEncodings = 0;
			knownRegions = (
				en,
				Base,
			);
			mainGroup = 66B13E372AF9622E0076F346;
			productRefGroup = 66B13E412AF9622E0076F346 /* Products */;
			projectDirPath = "";
			projectRoot = "";
			targets = (
				66B13E3F2AF9622E0076F346 /* MobileApp */,
				66B13E502AF9622F0076F346 /* MobileAppTests */,
				66B13E5A2AF9622F0076F346 /* MobileAppUITests */,
			);
		};
/* End PBXProject section */

/* Begin PBXResourcesBuildPhase section */
		66B13E3E2AF9622E0076F346 /* Resources */ = {
			isa = PBXResourcesBuildPhase;
			buildActionMask = 2147483647;
			files = (
				66B13E4C2AF9622F0076F346 /* Preview Assets.xcassets in Resources */,
				66B13E482AF9622F0076F346 /* Assets.xcassets in Resources */,
			);
			runOnlyForDeploymentPostprocessing = 0;
		};
		66B13E4F2AF9622F0076F346 /* Resources */ = {
			isa = PBXResourcesBuildPhase;
			buildActionMask = 2147483647;
			files = (
			);
			runOnlyForDeploymentPostprocessing = 0;
		};
		66B13E592AF9622F0076F346 /* Resources */ = {
			isa = PBXResourcesBuildPhase;
			buildActionMask = 2147483647;
			files = (
			);
			runOnlyForDeploymentPostprocessing = 0;
		};
/* End PBXResourcesBuildPhase section */

/* Begin PBXSourcesBuildPhase section */
		66B13E3C2AF9622E0076F346 /* Sources */ = {
			isa = PBXSourcesBuildPhase;
			buildActionMask = 2147483647;
			files = (
				66C865E12AFBB6CE00DEC60D /* ChatView.swift in Sources */,
				66B13E462AF9622E0076F346 /* ContentView.swift in Sources */,
				66C865E72AFBDB8E00DEC60D /* BotResponse.swift in Sources */,
				66B13E442AF9622E0076F346 /* MobileAppApp.swift in Sources */,
				66C865E52AFBD2E700DEC60D /* Messagerie.swift in Sources */,
				66B13E712AF9C6450076F346 /* SwiftUIView.swift in Sources */,
			);
			runOnlyForDeploymentPostprocessing = 0;
		};
		66B13E4D2AF9622F0076F346 /* Sources */ = {
			isa = PBXSourcesBuildPhase;
			buildActionMask = 2147483647;
			files = (
				66B13E562AF9622F0076F346 /* MobileAppTests.swift in Sources */,
			);
			runOnlyForDeploymentPostprocessing = 0;
		};
		66B13E572AF9622F0076F346 /* Sources */ = {
			isa = PBXSourcesBuildPhase;
			buildActionMask = 2147483647;
			files = (
				66B13E622AF9622F0076F346 /* MobileAppUITestsLaunchTests.swift in Sources */,
				66B13E602AF9622F0076F346 /* MobileAppUITests.swift in Sources */,
			);
			runOnlyForDeploymentPostprocessing = 0;
		};
/* End PBXSourcesBuildPhase section */

/* Begin PBXTargetDependency section */
		66B13E532AF9622F0076F346 /* PBXTargetDependency */ = {
			isa = PBXTargetDependency;
			target = 66B13E3F2AF9622E0076F346 /* MobileApp */;
			targetProxy = 66B13E522AF9622F0076F346 /* PBXContainerItemProxy */;
		};
		66B13E5D2AF9622F0076F346 /* PBXTargetDependency */ = {
			isa = PBXTargetDependency;
			target = 66B13E3F2AF9622E0076F346 /* MobileApp */;
			targetProxy = 66B13E5C2AF9622F0076F346 /* PBXContainerItemProxy */;
		};
/* End PBXTargetDependency section */

/* Begin XCBuildConfiguration section */
		66B13E632AF9622F0076F346 /* Debug */ = {
			isa = XCBuildConfiguration;
			buildSettings = {
				ALWAYS_SEARCH_USER_PATHS = NO;
				CLANG_ANALYZER_NONNULL = YES;
				CLANG_ANALYZER_NUMBER_OBJECT_CONVERSION = YES_AGGRESSIVE;
				CLANG_CXX_LANGUAGE_STANDARD = "gnu++20";
				CLANG_ENABLE_MODULES = YES;
				CLANG_ENABLE_OBJC_ARC = YES;
				CLANG_ENABLE_OBJC_WEAK = YES;
				CLANG_WARN_BLOCK_CAPTURE_AUTORELEASING = YES;
				CLANG_WARN_BOOL_CONVERSION = YES;
				CLANG_WARN_COMMA = YES;
				CLANG_WARN_CONSTANT_CONVERSION = YES;
				CLANG_WARN_DEPRECATED_OBJC_IMPLEMENTATIONS = YES;
				CLANG_WARN_DIRECT_OBJC_ISA_USAGE = YES_ERROR;
				CLANG_WARN_DOCUMENTATION_COMMENTS = YES;
				CLANG_WARN_EMPTY_BODY = YES;
				CLANG_WARN_ENUM_CONVERSION = YES;
				CLANG_WARN_INFINITE_RECURSION = YES;
				CLANG_WARN_INT_CONVERSION = YES;
				CLANG_WARN_NON_LITERAL_NULL_CONVERSION = YES;
				CLANG_WARN_OBJC_IMPLICIT_RETAIN_SELF = YES;
				CLANG_WARN_OBJC_LITERAL_CONVERSION = YES;
				CLANG_WARN_OBJC_ROOT_CLASS = YES_ERROR;
				CLANG_WARN_QUOTED_INCLUDE_IN_FRAMEWORK_HEADER = YES;
				CLANG_WARN_RANGE_LOOP_ANALYSIS = YES;
				CLANG_WARN_STRICT_PROTOTYPES = YES;
				CLANG_WARN_SUSPICIOUS_MOVE = YES;
				CLANG_WARN_UNGUARDED_AVAILABILITY = YES_AGGRESSIVE;
				CLANG_WARN_UNREACHABLE_CODE = YES;
				CLANG_WARN__DUPLICATE_METHOD_MATCH = YES;
				COPY_PHASE_STRIP = NO;
				DEBUG_INFORMATION_FORMAT = dwarf;
				ENABLE_STRICT_OBJC_MSGSEND = YES;
				ENABLE_TESTABILITY = YES;
				GCC_C_LANGUAGE_STANDARD = gnu11;
				GCC_DYNAMIC_NO_PIC = NO;
				GCC_NO_COMMON_BLOCKS = YES;
				GCC_OPTIMIZATION_LEVEL = 0;
				GCC_PREPROCESSOR_DEFINITIONS = (
					"DEBUG=1",
					"$(inherited)",
				);
				GCC_WARN_64_TO_32_BIT_CONVERSION = YES;
				GCC_WARN_ABOUT_RETURN_TYPE = YES_ERROR;
				GCC_WARN_UNDECLARED_SELECTOR = YES;
				GCC_WARN_UNINITIALIZED_AUTOS = YES_AGGRESSIVE;
				GCC_WARN_UNUSED_FUNCTION = YES;
				GCC_WARN_UNUSED_VARIABLE = YES;
				MTL_ENABLE_DEBUG_INFO = INCLUDE_SOURCE;
				MTL_FAST_MATH = YES;
				ONLY_ACTIVE_ARCH = YES;
				SWIFT_ACTIVE_COMPILATION_CONDITIONS = DEBUG;
				SWIFT_OPTIMIZATION_LEVEL = "-Onone";
			};
			name = Debug;
		};
		66B13E642AF9622F0076F346 /* Release */ = {
			isa = XCBuildConfiguration;
			buildSettings = {
				ALWAYS_SEARCH_USER_PATHS = NO;
				CLANG_ANALYZER_NONNULL = YES;
				CLANG_ANALYZER_NUMBER_OBJECT_CONVERSION = YES_AGGRESSIVE;
				CLANG_CXX_LANGUAGE_STANDARD = "gnu++20";
				CLANG_ENABLE_MODULES = YES;
				CLANG_ENABLE_OBJC_ARC = YES;
				CLANG_ENABLE_OBJC_WEAK = YES;
				CLANG_WARN_BLOCK_CAPTURE_AUTORELEASING = YES;
				CLANG_WARN_BOOL_CONVERSION = YES;
				CLANG_WARN_COMMA = YES;
				CLANG_WARN_CONSTANT_CONVERSION = YES;
				CLANG_WARN_DEPRECATED_OBJC_IMPLEMENTATIONS = YES;
				CLANG_WARN_DIRECT_OBJC_ISA_USAGE = YES_ERROR;
				CLANG_WARN_DOCUMENTATION_COMMENTS = YES;
				CLANG_WARN_EMPTY_BODY = YES;
				CLANG_WARN_ENUM_CONVERSION = YES;
				CLANG_WARN_INFINITE_RECURSION = YES;
				CLANG_WARN_INT_CONVERSION = YES;
				CLANG_WARN_NON_LITERAL_NULL_CONVERSION = YES;
				CLANG_WARN_OBJC_IMPLICIT_RETAIN_SELF = YES;
				CLANG_WARN_OBJC_LITERAL_CONVERSION = YES;
				CLANG_WARN_OBJC_ROOT_CLASS = YES_ERROR;
				CLANG_WARN_QUOTED_INCLUDE_IN_FRAMEWORK_HEADER = YES;
				CLANG_WARN_RANGE_LOOP_ANALYSIS = YES;
				CLANG_WARN_STRICT_PROTOTYPES = YES;
				CLANG_WARN_SUSPICIOUS_MOVE = YES;
				CLANG_WARN_UNGUARDED_AVAILABILITY = YES_AGGRESSIVE;
				CLANG_WARN_UNREACHABLE_CODE = YES;
				CLANG_WARN__DUPLICATE_METHOD_MATCH = YES;
				COPY_PHASE_STRIP = NO;
				DEBUG_INFORMATION_FORMAT = "dwarf-with-dsym";
				ENABLE_NS_ASSERTIONS = NO;
				ENABLE_STRICT_OBJC_MSGSEND = YES;
				GCC_C_LANGUAGE_STANDARD = gnu11;
				GCC_NO_COMMON_BLOCKS = YES;
				GCC_WARN_64_TO_32_BIT_CONVERSION = YES;
				GCC_WARN_ABOUT_RETURN_TYPE = YES_ERROR;
				GCC_WARN_UNDECLARED_SELECTOR = YES;
				GCC_WARN_UNINITIALIZED_AUTOS = YES_AGGRESSIVE;
				GCC_WARN_UNUSED_FUNCTION = YES;
				GCC_WARN_UNUSED_VARIABLE = YES;
				MTL_ENABLE_DEBUG_INFO = NO;
				MTL_FAST_MATH = YES;
				SWIFT_COMPILATION_MODE = wholemodule;
				SWIFT_OPTIMIZATION_LEVEL = "-O";
			};
			name = Release;
		};
		66B13E662AF9622F0076F346 /* Debug */ = {
			isa = XCBuildConfiguration;
			buildSettings = {
				ASSETCATALOG_COMPILER_APPICON_NAME = AppIcon;
				ASSETCATALOG_COMPILER_GLOBAL_ACCENT_COLOR_NAME = AccentColor;
				CODE_SIGN_ENTITLEMENTS = MobileApp/MobileApp.entitlements;
				CODE_SIGN_STYLE = Automatic;
				CURRENT_PROJECT_VERSION = 1;
				DEVELOPMENT_ASSET_PATHS = "\"MobileApp/Preview Content\"";
				ENABLE_PREVIEWS = YES;
				GENERATE_INFOPLIST_FILE = YES;
				"INFOPLIST_KEY_UIApplicationSceneManifest_Generation[sdk=iphoneos*]" = YES;
				"INFOPLIST_KEY_UIApplicationSceneManifest_Generation[sdk=iphonesimulator*]" = YES;
				"INFOPLIST_KEY_UIApplicationSupportsIndirectInputEvents[sdk=iphoneos*]" = YES;
				"INFOPLIST_KEY_UIApplicationSupportsIndirectInputEvents[sdk=iphonesimulator*]" = YES;
				"INFOPLIST_KEY_UILaunchScreen_Generation[sdk=iphoneos*]" = YES;
				"INFOPLIST_KEY_UILaunchScreen_Generation[sdk=iphonesimulator*]" = YES;
				"INFOPLIST_KEY_UIStatusBarStyle[sdk=iphoneos*]" = UIStatusBarStyleDefault;
				"INFOPLIST_KEY_UIStatusBarStyle[sdk=iphonesimulator*]" = UIStatusBarStyleDefault;
				INFOPLIST_KEY_UISupportedInterfaceOrientations_iPad = "UIInterfaceOrientationPortrait UIInterfaceOrientationPortraitUpsideDown UIInterfaceOrientationLandscapeLeft UIInterfaceOrientationLandscapeRight";
				INFOPLIST_KEY_UISupportedInterfaceOrientations_iPhone = "UIInterfaceOrientationPortrait UIInterfaceOrientationLandscapeLeft UIInterfaceOrientationLandscapeRight";
				IPHONEOS_DEPLOYMENT_TARGET = 16.1;
				LD_RUNPATH_SEARCH_PATHS = "@executable_path/Frameworks";
				"LD_RUNPATH_SEARCH_PATHS[sdk=macosx*]" = "@executable_path/../Frameworks";
				MACOSX_DEPLOYMENT_TARGET = 13.0;
				MARKETING_VERSION = 1.0;
				PRODUCT_BUNDLE_IDENTIFIER = com.esprit.ecotrac.MobileApp;
				PRODUCT_NAME = "$(TARGET_NAME)";
				SDKROOT = auto;
				SUPPORTED_PLATFORMS = "iphoneos iphonesimulator macosx";
				SWIFT_EMIT_LOC_STRINGS = YES;
				SWIFT_VERSION = 5.0;
				TARGETED_DEVICE_FAMILY = "1,2";
			};
			name = Debug;
		};
		66B13E672AF9622F0076F346 /* Release */ = {
			isa = XCBuildConfiguration;
			buildSettings = {
				ASSETCATALOG_COMPILER_APPICON_NAME = AppIcon;
				ASSETCATALOG_COMPILER_GLOBAL_ACCENT_COLOR_NAME = AccentColor;
				CODE_SIGN_ENTITLEMENTS = MobileApp/MobileApp.entitlements;
				CODE_SIGN_STYLE = Automatic;
				CURRENT_PROJECT_VERSION = 1;
				DEVELOPMENT_ASSET_PATHS = "\"MobileApp/Preview Content\"";
				ENABLE_PREVIEWS = YES;
				GENERATE_INFOPLIST_FILE = YES;
				"INFOPLIST_KEY_UIApplicationSceneManifest_Generation[sdk=iphoneos*]" = YES;
				"INFOPLIST_KEY_UIApplicationSceneManifest_Generation[sdk=iphonesimulator*]" = YES;
				"INFOPLIST_KEY_UIApplicationSupportsIndirectInputEvents[sdk=iphoneos*]" = YES;
				"INFOPLIST_KEY_UIApplicationSupportsIndirectInputEvents[sdk=iphonesimulator*]" = YES;
				"INFOPLIST_KEY_UILaunchScreen_Generation[sdk=iphoneos*]" = YES;
				"INFOPLIST_KEY_UILaunchScreen_Generation[sdk=iphonesimulator*]" = YES;
				"INFOPLIST_KEY_UIStatusBarStyle[sdk=iphoneos*]" = UIStatusBarStyleDefault;
				"INFOPLIST_KEY_UIStatusBarStyle[sdk=iphonesimulator*]" = UIStatusBarStyleDefault;
				INFOPLIST_KEY_UISupportedInterfaceOrientations_iPad = "UIInterfaceOrientationPortrait UIInterfaceOrientationPortraitUpsideDown UIInterfaceOrientationLandscapeLeft UIInterfaceOrientationLandscapeRight";
				INFOPLIST_KEY_UISupportedInterfaceOrientations_iPhone = "UIInterfaceOrientationPortrait UIInterfaceOrientationLandscapeLeft UIInterfaceOrientationLandscapeRight";
				IPHONEOS_DEPLOYMENT_TARGET = 16.1;
				LD_RUNPATH_SEARCH_PATHS = "@executable_path/Frameworks";
				"LD_RUNPATH_SEARCH_PATHS[sdk=macosx*]" = "@executable_path/../Frameworks";
				MACOSX_DEPLOYMENT_TARGET = 13.0;
				MARKETING_VERSION = 1.0;
				PRODUCT_BUNDLE_IDENTIFIER = com.esprit.ecotrac.MobileApp;
				PRODUCT_NAME = "$(TARGET_NAME)";
				SDKROOT = auto;
				SUPPORTED_PLATFORMS = "iphoneos iphonesimulator macosx";
				SWIFT_EMIT_LOC_STRINGS = YES;
				SWIFT_VERSION = 5.0;
				TARGETED_DEVICE_FAMILY = "1,2";
			};
			name = Release;
		};
		66B13E692AF9622F0076F346 /* Debug */ = {
			isa = XCBuildConfiguration;
			buildSettings = {
				ALWAYS_EMBED_SWIFT_STANDARD_LIBRARIES = YES;
				BUNDLE_LOADER = "$(TEST_HOST)";
				CODE_SIGN_STYLE = Automatic;
				CURRENT_PROJECT_VERSION = 1;
				GENERATE_INFOPLIST_FILE = YES;
				IPHONEOS_DEPLOYMENT_TARGET = 16.1;
				MACOSX_DEPLOYMENT_TARGET = 13.0;
				MARKETING_VERSION = 1.0;
				PRODUCT_BUNDLE_IDENTIFIER = com.esprit.ecotrac.MobileAppTests;
				PRODUCT_NAME = "$(TARGET_NAME)";
				SDKROOT = auto;
				SUPPORTED_PLATFORMS = "iphoneos iphonesimulator macosx";
				SWIFT_EMIT_LOC_STRINGS = NO;
				SWIFT_VERSION = 5.0;
				TARGETED_DEVICE_FAMILY = "1,2";
				TEST_HOST = "$(BUILT_PRODUCTS_DIR)/MobileApp.app/$(BUNDLE_EXECUTABLE_FOLDER_PATH)/MobileApp";
			};
			name = Debug;
		};
		66B13E6A2AF9622F0076F346 /* Release */ = {
			isa = XCBuildConfiguration;
			buildSettings = {
				ALWAYS_EMBED_SWIFT_STANDARD_LIBRARIES = YES;
				BUNDLE_LOADER = "$(TEST_HOST)";
				CODE_SIGN_STYLE = Automatic;
				CURRENT_PROJECT_VERSION = 1;
				GENERATE_INFOPLIST_FILE = YES;
				IPHONEOS_DEPLOYMENT_TARGET = 16.1;
				MACOSX_DEPLOYMENT_TARGET = 13.0;
				MARKETING_VERSION = 1.0;
				PRODUCT_BUNDLE_IDENTIFIER = com.esprit.ecotrac.MobileAppTests;
				PRODUCT_NAME = "$(TARGET_NAME)";
				SDKROOT = auto;
				SUPPORTED_PLATFORMS = "iphoneos iphonesimulator macosx";
				SWIFT_EMIT_LOC_STRINGS = NO;
				SWIFT_VERSION = 5.0;
				TARGETED_DEVICE_FAMILY = "1,2";
				TEST_HOST = "$(BUILT_PRODUCTS_DIR)/MobileApp.app/$(BUNDLE_EXECUTABLE_FOLDER_PATH)/MobileApp";
			};
			name = Release;
		};
		66B13E6C2AF9622F0076F346 /* Debug */ = {
			isa = XCBuildConfiguration;
			buildSettings = {
				ALWAYS_EMBED_SWIFT_STANDARD_LIBRARIES = YES;
				CODE_SIGN_STYLE = Automatic;
				CURRENT_PROJECT_VERSION = 1;
				GENERATE_INFOPLIST_FILE = YES;
				IPHONEOS_DEPLOYMENT_TARGET = 16.1;
				MACOSX_DEPLOYMENT_TARGET = 13.0;
				MARKETING_VERSION = 1.0;
				PRODUCT_BUNDLE_IDENTIFIER = com.esprit.ecotrac.MobileAppUITests;
				PRODUCT_NAME = "$(TARGET_NAME)";
				SDKROOT = auto;
				SUPPORTED_PLATFORMS = "iphoneos iphonesimulator macosx";
				SWIFT_EMIT_LOC_STRINGS = NO;
				SWIFT_VERSION = 5.0;
				TARGETED_DEVICE_FAMILY = "1,2";
				TEST_TARGET_NAME = MobileApp;
			};
			name = Debug;
		};
		66B13E6D2AF9622F0076F346 /* Release */ = {
			isa = XCBuildConfiguration;
			buildSettings = {
				ALWAYS_EMBED_SWIFT_STANDARD_LIBRARIES = YES;
				CODE_SIGN_STYLE = Automatic;
				CURRENT_PROJECT_VERSION = 1;
				GENERATE_INFOPLIST_FILE = YES;
				IPHONEOS_DEPLOYMENT_TARGET = 16.1;
				MACOSX_DEPLOYMENT_TARGET = 13.0;
				MARKETING_VERSION = 1.0;
				PRODUCT_BUNDLE_IDENTIFIER = com.esprit.ecotrac.MobileAppUITests;
				PRODUCT_NAME = "$(TARGET_NAME)";
				SDKROOT = auto;
				SUPPORTED_PLATFORMS = "iphoneos iphonesimulator macosx";
				SWIFT_EMIT_LOC_STRINGS = NO;
				SWIFT_VERSION = 5.0;
				TARGETED_DEVICE_FAMILY = "1,2";
				TEST_TARGET_NAME = MobileApp;
			};
			name = Release;
		};
/* End XCBuildConfiguration section */

/* Begin XCConfigurationList section */
		66B13E3B2AF9622E0076F346 /* Build configuration list for PBXProject "MobileApp" */ = {
			isa = XCConfigurationList;
			buildConfigurations = (
				66B13E632AF9622F0076F346 /* Debug */,
				66B13E642AF9622F0076F346 /* Release */,
			);
			defaultConfigurationIsVisible = 0;
			defaultConfigurationName = Release;
		};
		66B13E652AF9622F0076F346 /* Build configuration list for PBXNativeTarget "MobileApp" */ = {
			isa = XCConfigurationList;
			buildConfigurations = (
				66B13E662AF9622F0076F346 /* Debug */,
				66B13E672AF9622F0076F346 /* Release */,
			);
			defaultConfigurationIsVisible = 0;
			defaultConfigurationName = Release;
		};
		66B13E682AF9622F0076F346 /* Build configuration list for PBXNativeTarget "MobileAppTests" */ = {
			isa = XCConfigurationList;
			buildConfigurations = (
				66B13E692AF9622F0076F346 /* Debug */,
				66B13E6A2AF9622F0076F346 /* Release */,
			);
			defaultConfigurationIsVisible = 0;
			defaultConfigurationName = Release;
		};
		66B13E6B2AF9622F0076F346 /* Build configuration list for PBXNativeTarget "MobileAppUITests" */ = {
			isa = XCConfigurationList;
			buildConfigurations = (
				66B13E6C2AF9622F0076F346 /* Debug */,
				66B13E6D2AF9622F0076F346 /* Release */,
			);
			defaultConfigurationIsVisible = 0;
			defaultConfigurationName = Release;
		};
/* End XCConfigurationList section */
	};
	rootObject = 66B13E382AF9622E0076F346 /* Project object */;
}
