// !$*UTF8*$!
{
	archiveVersion = 1;
	classes = {
	};
	objectVersion = 56;
	objects = {

/* Begin PBXBuildFile section */
		A8B302512AFADE300052C33E /* Video.swift in Sources */ = {isa = PBXBuildFile; fileRef = A8B3024F2AFADE300052C33E /* Video.swift */; };
		A8B302522AFADE300052C33E /* VideoSc.swift in Sources */ = {isa = PBXBuildFile; fileRef = A8B302502AFADE300052C33E /* VideoSc.swift */; };
		A8B302542AFADE350052C33E /* VideoScrollView.swift in Sources */ = {isa = PBXBuildFile; fileRef = A8B302532AFADE350052C33E /* VideoScrollView.swift */; };
		A8B302572AFADE3B0052C33E /* VideosViewModel.swift in Sources */ = {isa = PBXBuildFile; fileRef = A8B302552AFADE3B0052C33E /* VideosViewModel.swift */; };
		A8B302582AFADE3B0052C33E /* HomeVideoViewModel.swift in Sources */ = {isa = PBXBuildFile; fileRef = A8B302562AFADE3B0052C33E /* HomeVideoViewModel.swift */; };
		A8C95A672AFA94F500031D9B /* video1.mp4 in Resources */ = {isa = PBXBuildFile; fileRef = A8C95A612AFA94F400031D9B /* video1.mp4 */; };
		A8C95A682AFA94F500031D9B /* video3.mp4 in Resources */ = {isa = PBXBuildFile; fileRef = A8C95A622AFA94F400031D9B /* video3.mp4 */; };
		A8C95A692AFA94F500031D9B /* video2.mp4 in Resources */ = {isa = PBXBuildFile; fileRef = A8C95A632AFA94F500031D9B /* video2.mp4 */; };
		A8C95A6A2AFA94F500031D9B /* video6.mp4 in Resources */ = {isa = PBXBuildFile; fileRef = A8C95A642AFA94F500031D9B /* video6.mp4 */; };
		A8C95A6B2AFA94F500031D9B /* video4.mp4 in Resources */ = {isa = PBXBuildFile; fileRef = A8C95A652AFA94F500031D9B /* video4.mp4 */; };
		A8C95A6C2AFA94F500031D9B /* video5.mp4 in Resources */ = {isa = PBXBuildFile; fileRef = A8C95A662AFA94F500031D9B /* video5.mp4 */; };
		A8F254C62AFC20AD005E24D5 /* ChallengeView.swift in Sources */ = {isa = PBXBuildFile; fileRef = A8F254C52AFC20AD005E24D5 /* ChallengeView.swift */; };
		A8F254C82AFC2123005E24D5 /* AddChallengeView.swift in Sources */ = {isa = PBXBuildFile; fileRef = A8F254C72AFC2123005E24D5 /* AddChallengeView.swift */; };
		A8F254CA2AFC2153005E24D5 /* ViewDetailsD.swift in Sources */ = {isa = PBXBuildFile; fileRef = A8F254C92AFC2153005E24D5 /* ViewDetailsD.swift */; };
		A8F254CD2AFC2175005E24D5 /* DetailsEvent.swift in Sources */ = {isa = PBXBuildFile; fileRef = A8F254CC2AFC2175005E24D5 /* DetailsEvent.swift */; };
		A8F254F12AFC2C7F005E24D5 /* DetailsUIView.swift in Sources */ = {isa = PBXBuildFile; fileRef = A8F254F02AFC2C7F005E24D5 /* DetailsUIView.swift */; };
		A8F254F32AFC2D3B005E24D5 /* HomeUIView.swift in Sources */ = {isa = PBXBuildFile; fileRef = A8F254F22AFC2D3B005E24D5 /* HomeUIView.swift */; };
		A8F254FF2AFC33B0005E24D5 /* BotResponse.swift in Sources */ = {isa = PBXBuildFile; fileRef = A8F254FE2AFC33B0005E24D5 /* BotResponse.swift */; };
		A8F255012AFC33C9005E24D5 /* SwiftUIView.swift in Sources */ = {isa = PBXBuildFile; fileRef = A8F255002AFC33C9005E24D5 /* SwiftUIView.swift */; };
		A8F255032AFC33D7005E24D5 /* ChatView.swift in Sources */ = {isa = PBXBuildFile; fileRef = A8F255022AFC33D7005E24D5 /* ChatView.swift */; };
		A8F255052AFC33E7005E24D5 /* Messagerie.swift in Sources */ = {isa = PBXBuildFile; fileRef = A8F255042AFC33E7005E24D5 /* Messagerie.swift */; };
		DB8A59CD2AF962A300D97E35 /* ProjetMobileApp.swift in Sources */ = {isa = PBXBuildFile; fileRef = DB8A59CC2AF962A300D97E35 /* ProjetMobileApp.swift */; };
		DB8A59CF2AF962A300D97E35 /* Persistence.swift in Sources */ = {isa = PBXBuildFile; fileRef = DB8A59CE2AF962A300D97E35 /* Persistence.swift */; };
		DB8A59D22AF962A300D97E35 /* ProjetMobile.xcdatamodeld in Sources */ = {isa = PBXBuildFile; fileRef = DB8A59D02AF962A300D97E35 /* ProjetMobile.xcdatamodeld */; };
		DB8A59D42AF962A300D97E35 /* ContentView.swift in Sources */ = {isa = PBXBuildFile; fileRef = DB8A59D32AF962A300D97E35 /* ContentView.swift */; };
		DB8A59D62AF962A400D97E35 /* Assets.xcassets in Resources */ = {isa = PBXBuildFile; fileRef = DB8A59D52AF962A400D97E35 /* Assets.xcassets */; };
		DB8A59DA2AF962A400D97E35 /* Preview Assets.xcassets in Resources */ = {isa = PBXBuildFile; fileRef = DB8A59D92AF962A400D97E35 /* Preview Assets.xcassets */; };
		DB8A59E42AF962A400D97E35 /* ProjetMobileTests.swift in Sources */ = {isa = PBXBuildFile; fileRef = DB8A59E32AF962A400D97E35 /* ProjetMobileTests.swift */; };
		DB8A59EE2AF962A400D97E35 /* ProjetMobileUITests.swift in Sources */ = {isa = PBXBuildFile; fileRef = DB8A59ED2AF962A400D97E35 /* ProjetMobileUITests.swift */; };
		DB8A59F02AF962A400D97E35 /* ProjetMobileUITestsLaunchTests.swift in Sources */ = {isa = PBXBuildFile; fileRef = DB8A59EF2AF962A400D97E35 /* ProjetMobileUITestsLaunchTests.swift */; };
/* End PBXBuildFile section */

/* Begin PBXContainerItemProxy section */
		DB8A59E02AF962A400D97E35 /* PBXContainerItemProxy */ = {
			isa = PBXContainerItemProxy;
			containerPortal = DB8A59C12AF962A300D97E35 /* Project object */;
			proxyType = 1;
			remoteGlobalIDString = DB8A59C82AF962A300D97E35;
			remoteInfo = ProjetMobile;
		};
		DB8A59EA2AF962A400D97E35 /* PBXContainerItemProxy */ = {
			isa = PBXContainerItemProxy;
			containerPortal = DB8A59C12AF962A300D97E35 /* Project object */;
			proxyType = 1;
			remoteGlobalIDString = DB8A59C82AF962A300D97E35;
			remoteInfo = ProjetMobile;
		};
/* End PBXContainerItemProxy section */

/* Begin PBXFileReference section */
		A8B3024F2AFADE300052C33E /* Video.swift */ = {isa = PBXFileReference; fileEncoding = 4; lastKnownFileType = sourcecode.swift; path = Video.swift; sourceTree = "<group>"; };
		A8B302502AFADE300052C33E /* VideoSc.swift */ = {isa = PBXFileReference; fileEncoding = 4; lastKnownFileType = sourcecode.swift; path = VideoSc.swift; sourceTree = "<group>"; };
		A8B302532AFADE350052C33E /* VideoScrollView.swift */ = {isa = PBXFileReference; fileEncoding = 4; lastKnownFileType = sourcecode.swift; path = VideoScrollView.swift; sourceTree = "<group>"; };
		A8B302552AFADE3B0052C33E /* VideosViewModel.swift */ = {isa = PBXFileReference; fileEncoding = 4; lastKnownFileType = sourcecode.swift; path = VideosViewModel.swift; sourceTree = "<group>"; };
		A8B302562AFADE3B0052C33E /* HomeVideoViewModel.swift */ = {isa = PBXFileReference; fileEncoding = 4; lastKnownFileType = sourcecode.swift; path = HomeVideoViewModel.swift; sourceTree = "<group>"; };
		A8C95A612AFA94F400031D9B /* video1.mp4 */ = {isa = PBXFileReference; lastKnownFileType = file; path = video1.mp4; sourceTree = "<group>"; };
		A8C95A622AFA94F400031D9B /* video3.mp4 */ = {isa = PBXFileReference; lastKnownFileType = file; path = video3.mp4; sourceTree = "<group>"; };
		A8C95A632AFA94F500031D9B /* video2.mp4 */ = {isa = PBXFileReference; lastKnownFileType = file; path = video2.mp4; sourceTree = "<group>"; };
		A8C95A642AFA94F500031D9B /* video6.mp4 */ = {isa = PBXFileReference; lastKnownFileType = file; path = video6.mp4; sourceTree = "<group>"; };
		A8C95A652AFA94F500031D9B /* video4.mp4 */ = {isa = PBXFileReference; lastKnownFileType = file; path = video4.mp4; sourceTree = "<group>"; };
		A8C95A662AFA94F500031D9B /* video5.mp4 */ = {isa = PBXFileReference; lastKnownFileType = file; path = video5.mp4; sourceTree = "<group>"; };
		A8F254C52AFC20AD005E24D5 /* ChallengeView.swift */ = {isa = PBXFileReference; lastKnownFileType = sourcecode.swift; path = ChallengeView.swift; sourceTree = "<group>"; };
		A8F254C72AFC2123005E24D5 /* AddChallengeView.swift */ = {isa = PBXFileReference; lastKnownFileType = sourcecode.swift; path = AddChallengeView.swift; sourceTree = "<group>"; };
		A8F254C92AFC2153005E24D5 /* ViewDetailsD.swift */ = {isa = PBXFileReference; lastKnownFileType = sourcecode.swift; path = ViewDetailsD.swift; sourceTree = "<group>"; };
		A8F254CC2AFC2175005E24D5 /* DetailsEvent.swift */ = {isa = PBXFileReference; lastKnownFileType = sourcecode.swift; path = DetailsEvent.swift; sourceTree = "<group>"; };
		A8F254F02AFC2C7F005E24D5 /* DetailsUIView.swift */ = {isa = PBXFileReference; lastKnownFileType = sourcecode.swift; path = DetailsUIView.swift; sourceTree = "<group>"; };
		A8F254F22AFC2D3B005E24D5 /* HomeUIView.swift */ = {isa = PBXFileReference; lastKnownFileType = sourcecode.swift; path = HomeUIView.swift; sourceTree = "<group>"; };
		A8F254FE2AFC33B0005E24D5 /* BotResponse.swift */ = {isa = PBXFileReference; lastKnownFileType = sourcecode.swift; path = BotResponse.swift; sourceTree = "<group>"; };
		A8F255002AFC33C9005E24D5 /* SwiftUIView.swift */ = {isa = PBXFileReference; lastKnownFileType = sourcecode.swift; path = SwiftUIView.swift; sourceTree = "<group>"; };
		A8F255022AFC33D7005E24D5 /* ChatView.swift */ = {isa = PBXFileReference; lastKnownFileType = sourcecode.swift; path = ChatView.swift; sourceTree = "<group>"; };
		A8F255042AFC33E7005E24D5 /* Messagerie.swift */ = {isa = PBXFileReference; lastKnownFileType = sourcecode.swift; path = Messagerie.swift; sourceTree = "<group>"; };
		DB8A59C92AF962A300D97E35 /* ProjetMobile.app */ = {isa = PBXFileReference; explicitFileType = wrapper.application; includeInIndex = 0; path = ProjetMobile.app; sourceTree = BUILT_PRODUCTS_DIR; };
		DB8A59CC2AF962A300D97E35 /* ProjetMobileApp.swift */ = {isa = PBXFileReference; lastKnownFileType = sourcecode.swift; path = ProjetMobileApp.swift; sourceTree = "<group>"; };
		DB8A59CE2AF962A300D97E35 /* Persistence.swift */ = {isa = PBXFileReference; lastKnownFileType = sourcecode.swift; path = Persistence.swift; sourceTree = "<group>"; };
		DB8A59D12AF962A300D97E35 /* ProjetMobile.xcdatamodel */ = {isa = PBXFileReference; lastKnownFileType = wrapper.xcdatamodel; path = ProjetMobile.xcdatamodel; sourceTree = "<group>"; };
		DB8A59D32AF962A300D97E35 /* ContentView.swift */ = {isa = PBXFileReference; lastKnownFileType = sourcecode.swift; path = ContentView.swift; sourceTree = "<group>"; };
		DB8A59D52AF962A400D97E35 /* Assets.xcassets */ = {isa = PBXFileReference; lastKnownFileType = folder.assetcatalog; path = Assets.xcassets; sourceTree = "<group>"; };
		DB8A59D72AF962A400D97E35 /* ProjetMobile.entitlements */ = {isa = PBXFileReference; lastKnownFileType = text.plist.entitlements; path = ProjetMobile.entitlements; sourceTree = "<group>"; };
		DB8A59D92AF962A400D97E35 /* Preview Assets.xcassets */ = {isa = PBXFileReference; lastKnownFileType = folder.assetcatalog; path = "Preview Assets.xcassets"; sourceTree = "<group>"; };
		DB8A59DF2AF962A400D97E35 /* ProjetMobileTests.xctest */ = {isa = PBXFileReference; explicitFileType = wrapper.cfbundle; includeInIndex = 0; path = ProjetMobileTests.xctest; sourceTree = BUILT_PRODUCTS_DIR; };
		DB8A59E32AF962A400D97E35 /* ProjetMobileTests.swift */ = {isa = PBXFileReference; lastKnownFileType = sourcecode.swift; path = ProjetMobileTests.swift; sourceTree = "<group>"; };
		DB8A59E92AF962A400D97E35 /* ProjetMobileUITests.xctest */ = {isa = PBXFileReference; explicitFileType = wrapper.cfbundle; includeInIndex = 0; path = ProjetMobileUITests.xctest; sourceTree = BUILT_PRODUCTS_DIR; };
		DB8A59ED2AF962A400D97E35 /* ProjetMobileUITests.swift */ = {isa = PBXFileReference; lastKnownFileType = sourcecode.swift; path = ProjetMobileUITests.swift; sourceTree = "<group>"; };
		DB8A59EF2AF962A400D97E35 /* ProjetMobileUITestsLaunchTests.swift */ = {isa = PBXFileReference; lastKnownFileType = sourcecode.swift; path = ProjetMobileUITestsLaunchTests.swift; sourceTree = "<group>"; };
/* End PBXFileReference section */

/* Begin PBXFrameworksBuildPhase section */
		DB8A59C62AF962A300D97E35 /* Frameworks */ = {
			isa = PBXFrameworksBuildPhase;
			buildActionMask = 2147483647;
			files = (
			);
			runOnlyForDeploymentPostprocessing = 0;
		};
		DB8A59DC2AF962A400D97E35 /* Frameworks */ = {
			isa = PBXFrameworksBuildPhase;
			buildActionMask = 2147483647;
			files = (
			);
			runOnlyForDeploymentPostprocessing = 0;
		};
		DB8A59E62AF962A400D97E35 /* Frameworks */ = {
			isa = PBXFrameworksBuildPhase;
			buildActionMask = 2147483647;
			files = (
			);
			runOnlyForDeploymentPostprocessing = 0;
		};
/* End PBXFrameworksBuildPhase section */

/* Begin PBXGroup section */
		DB8A59C02AF962A300D97E35 = {
			isa = PBXGroup;
			children = (
				A8C95A612AFA94F400031D9B /* video1.mp4 */,
				A8C95A632AFA94F500031D9B /* video2.mp4 */,
				A8C95A622AFA94F400031D9B /* video3.mp4 */,
				A8C95A652AFA94F500031D9B /* video4.mp4 */,
				A8C95A662AFA94F500031D9B /* video5.mp4 */,
				A8C95A642AFA94F500031D9B /* video6.mp4 */,
				DB8A59CB2AF962A300D97E35 /* ProjetMobile */,
				DB8A59E22AF962A400D97E35 /* ProjetMobileTests */,
				DB8A59EC2AF962A400D97E35 /* ProjetMobileUITests */,
				DB8A59CA2AF962A300D97E35 /* Products */,
			);
			sourceTree = "<group>";
		};
		DB8A59CA2AF962A300D97E35 /* Products */ = {
			isa = PBXGroup;
			children = (
				DB8A59C92AF962A300D97E35 /* ProjetMobile.app */,
				DB8A59DF2AF962A400D97E35 /* ProjetMobileTests.xctest */,
				DB8A59E92AF962A400D97E35 /* ProjetMobileUITests.xctest */,
			);
			name = Products;
			sourceTree = "<group>";
		};
		DB8A59CB2AF962A300D97E35 /* ProjetMobile */ = {
			isa = PBXGroup;
			children = (
				DB8A59FE2AF9686E00D97E35 /* Model */,
				DB8A59FD2AF9686200D97E35 /* ViewModel */,
				DB8A59FC2AF9685A00D97E35 /* View */,
				DB8A59CC2AF962A300D97E35 /* ProjetMobileApp.swift */,
				DB8A59CE2AF962A300D97E35 /* Persistence.swift */,
				DB8A59D52AF962A400D97E35 /* Assets.xcassets */,
				DB8A59D72AF962A400D97E35 /* ProjetMobile.entitlements */,
				DB8A59D02AF962A300D97E35 /* ProjetMobile.xcdatamodeld */,
				DB8A59D82AF962A400D97E35 /* Preview Content */,
			);
			path = ProjetMobile;
			sourceTree = "<group>";
		};
		DB8A59D82AF962A400D97E35 /* Preview Content */ = {
			isa = PBXGroup;
			children = (
				DB8A59D92AF962A400D97E35 /* Preview Assets.xcassets */,
			);
			path = "Preview Content";
			sourceTree = "<group>";
		};
		DB8A59E22AF962A400D97E35 /* ProjetMobileTests */ = {
			isa = PBXGroup;
			children = (
				DB8A59E32AF962A400D97E35 /* ProjetMobileTests.swift */,
			);
			path = ProjetMobileTests;
			sourceTree = "<group>";
		};
		DB8A59EC2AF962A400D97E35 /* ProjetMobileUITests */ = {
			isa = PBXGroup;
			children = (
				DB8A59ED2AF962A400D97E35 /* ProjetMobileUITests.swift */,
				DB8A59EF2AF962A400D97E35 /* ProjetMobileUITestsLaunchTests.swift */,
			);
			path = ProjetMobileUITests;
			sourceTree = "<group>";
		};
		DB8A59FC2AF9685A00D97E35 /* View */ = {
			isa = PBXGroup;
			children = (
				A8B302532AFADE350052C33E /* VideoScrollView.swift */,
				DB8A59D32AF962A300D97E35 /* ContentView.swift */,
				A8F254C52AFC20AD005E24D5 /* ChallengeView.swift */,
				A8F254C72AFC2123005E24D5 /* AddChallengeView.swift */,
				A8F254C92AFC2153005E24D5 /* ViewDetailsD.swift */,
				A8F254CC2AFC2175005E24D5 /* DetailsEvent.swift */,
				A8F254F02AFC2C7F005E24D5 /* DetailsUIView.swift */,
				A8F254F22AFC2D3B005E24D5 /* HomeUIView.swift */,
				A8F255002AFC33C9005E24D5 /* SwiftUIView.swift */,
				A8F255022AFC33D7005E24D5 /* ChatView.swift */,
				A8F255042AFC33E7005E24D5 /* Messagerie.swift */,
			);
			path = View;
			sourceTree = "<group>";
		};
		DB8A59FD2AF9686200D97E35 /* ViewModel */ = {
			isa = PBXGroup;
			children = (
				A8B302562AFADE3B0052C33E /* HomeVideoViewModel.swift */,
				A8B302552AFADE3B0052C33E /* VideosViewModel.swift */,
			);
			path = ViewModel;
			sourceTree = "<group>";
		};
		DB8A59FE2AF9686E00D97E35 /* Model */ = {
			isa = PBXGroup;
			children = (
				A8B3024F2AFADE300052C33E /* Video.swift */,
				A8B302502AFADE300052C33E /* VideoSc.swift */,
				A8F254FE2AFC33B0005E24D5 /* BotResponse.swift */,
			);
			path = Model;
			sourceTree = "<group>";
		};
/* End PBXGroup section */

/* Begin PBXNativeTarget section */
		DB8A59C82AF962A300D97E35 /* ProjetMobile */ = {
			isa = PBXNativeTarget;
			buildConfigurationList = DB8A59F32AF962A400D97E35 /* Build configuration list for PBXNativeTarget "ProjetMobile" */;
			buildPhases = (
				DB8A59C52AF962A300D97E35 /* Sources */,
				DB8A59C62AF962A300D97E35 /* Frameworks */,
				DB8A59C72AF962A300D97E35 /* Resources */,
			);
			buildRules = (
			);
			dependencies = (
			);
			name = ProjetMobile;
			productName = ProjetMobile;
			productReference = DB8A59C92AF962A300D97E35 /* ProjetMobile.app */;
			productType = "com.apple.product-type.application";
		};
		DB8A59DE2AF962A400D97E35 /* ProjetMobileTests */ = {
			isa = PBXNativeTarget;
			buildConfigurationList = DB8A59F62AF962A400D97E35 /* Build configuration list for PBXNativeTarget "ProjetMobileTests" */;
			buildPhases = (
				DB8A59DB2AF962A400D97E35 /* Sources */,
				DB8A59DC2AF962A400D97E35 /* Frameworks */,
				DB8A59DD2AF962A400D97E35 /* Resources */,
			);
			buildRules = (
			);
			dependencies = (
				DB8A59E12AF962A400D97E35 /* PBXTargetDependency */,
			);
			name = ProjetMobileTests;
			productName = ProjetMobileTests;
			productReference = DB8A59DF2AF962A400D97E35 /* ProjetMobileTests.xctest */;
			productType = "com.apple.product-type.bundle.unit-test";
		};
		DB8A59E82AF962A400D97E35 /* ProjetMobileUITests */ = {
			isa = PBXNativeTarget;
			buildConfigurationList = DB8A59F92AF962A400D97E35 /* Build configuration list for PBXNativeTarget "ProjetMobileUITests" */;
			buildPhases = (
				DB8A59E52AF962A400D97E35 /* Sources */,
				DB8A59E62AF962A400D97E35 /* Frameworks */,
				DB8A59E72AF962A400D97E35 /* Resources */,
			);
			buildRules = (
			);
			dependencies = (
				DB8A59EB2AF962A400D97E35 /* PBXTargetDependency */,
			);
			name = ProjetMobileUITests;
			productName = ProjetMobileUITests;
			productReference = DB8A59E92AF962A400D97E35 /* ProjetMobileUITests.xctest */;
			productType = "com.apple.product-type.bundle.ui-testing";
		};
/* End PBXNativeTarget section */

/* Begin PBXProject section */
		DB8A59C12AF962A300D97E35 /* Project object */ = {
			isa = PBXProject;
			attributes = {
				BuildIndependentTargetsInParallel = 1;
				LastSwiftUpdateCheck = 1410;
				LastUpgradeCheck = 1410;
				TargetAttributes = {
					DB8A59C82AF962A300D97E35 = {
						CreatedOnToolsVersion = 14.1;
					};
					DB8A59DE2AF962A400D97E35 = {
						CreatedOnToolsVersion = 14.1;
						TestTargetID = DB8A59C82AF962A300D97E35;
					};
					DB8A59E82AF962A400D97E35 = {
						CreatedOnToolsVersion = 14.1;
						TestTargetID = DB8A59C82AF962A300D97E35;
					};
				};
			};
			buildConfigurationList = DB8A59C42AF962A300D97E35 /* Build configuration list for PBXProject "ProjetMobile" */;
			compatibilityVersion = "Xcode 14.0";
			developmentRegion = en;
			hasScannedForEncodings = 0;
			knownRegions = (
				en,
				Base,
			);
			mainGroup = DB8A59C02AF962A300D97E35;
			productRefGroup = DB8A59CA2AF962A300D97E35 /* Products */;
			projectDirPath = "";
			projectRoot = "";
			targets = (
				DB8A59C82AF962A300D97E35 /* ProjetMobile */,
				DB8A59DE2AF962A400D97E35 /* ProjetMobileTests */,
				DB8A59E82AF962A400D97E35 /* ProjetMobileUITests */,
			);
		};
/* End PBXProject section */

/* Begin PBXResourcesBuildPhase section */
		DB8A59C72AF962A300D97E35 /* Resources */ = {
			isa = PBXResourcesBuildPhase;
			buildActionMask = 2147483647;
			files = (
				DB8A59DA2AF962A400D97E35 /* Preview Assets.xcassets in Resources */,
				A8C95A672AFA94F500031D9B /* video1.mp4 in Resources */,
				A8C95A6C2AFA94F500031D9B /* video5.mp4 in Resources */,
				A8C95A692AFA94F500031D9B /* video2.mp4 in Resources */,
				A8C95A6A2AFA94F500031D9B /* video6.mp4 in Resources */,
				A8C95A6B2AFA94F500031D9B /* video4.mp4 in Resources */,
				DB8A59D62AF962A400D97E35 /* Assets.xcassets in Resources */,
				A8C95A682AFA94F500031D9B /* video3.mp4 in Resources */,
			);
			runOnlyForDeploymentPostprocessing = 0;
		};
		DB8A59DD2AF962A400D97E35 /* Resources */ = {
			isa = PBXResourcesBuildPhase;
			buildActionMask = 2147483647;
			files = (
			);
			runOnlyForDeploymentPostprocessing = 0;
		};
		DB8A59E72AF962A400D97E35 /* Resources */ = {
			isa = PBXResourcesBuildPhase;
			buildActionMask = 2147483647;
			files = (
			);
			runOnlyForDeploymentPostprocessing = 0;
		};
/* End PBXResourcesBuildPhase section */

/* Begin PBXSourcesBuildPhase section */
		DB8A59C52AF962A300D97E35 /* Sources */ = {
			isa = PBXSourcesBuildPhase;
			buildActionMask = 2147483647;
			files = (
				A8F254FF2AFC33B0005E24D5 /* BotResponse.swift in Sources */,
				A8B302542AFADE350052C33E /* VideoScrollView.swift in Sources */,
				A8F255012AFC33C9005E24D5 /* SwiftUIView.swift in Sources */,
				A8B302582AFADE3B0052C33E /* HomeVideoViewModel.swift in Sources */,
				A8F255032AFC33D7005E24D5 /* ChatView.swift in Sources */,
				A8F254F32AFC2D3B005E24D5 /* HomeUIView.swift in Sources */,
				DB8A59D22AF962A300D97E35 /* ProjetMobile.xcdatamodeld in Sources */,
				A8F254C82AFC2123005E24D5 /* AddChallengeView.swift in Sources */,
				A8B302522AFADE300052C33E /* VideoSc.swift in Sources */,
				A8F254CD2AFC2175005E24D5 /* DetailsEvent.swift in Sources */,
				DB8A59CD2AF962A300D97E35 /* ProjetMobileApp.swift in Sources */,
				A8F254CA2AFC2153005E24D5 /* ViewDetailsD.swift in Sources */,
				DB8A59D42AF962A300D97E35 /* ContentView.swift in Sources */,
				DB8A59CF2AF962A300D97E35 /* Persistence.swift in Sources */,
				A8B302572AFADE3B0052C33E /* VideosViewModel.swift in Sources */,
				A8F255052AFC33E7005E24D5 /* Messagerie.swift in Sources */,
				A8F254C62AFC20AD005E24D5 /* ChallengeView.swift in Sources */,
				A8B302512AFADE300052C33E /* Video.swift in Sources */,
				A8F254F12AFC2C7F005E24D5 /* DetailsUIView.swift in Sources */,
			);
			runOnlyForDeploymentPostprocessing = 0;
		};
		DB8A59DB2AF962A400D97E35 /* Sources */ = {
			isa = PBXSourcesBuildPhase;
			buildActionMask = 2147483647;
			files = (
				DB8A59E42AF962A400D97E35 /* ProjetMobileTests.swift in Sources */,
			);
			runOnlyForDeploymentPostprocessing = 0;
		};
		DB8A59E52AF962A400D97E35 /* Sources */ = {
			isa = PBXSourcesBuildPhase;
			buildActionMask = 2147483647;
			files = (
				DB8A59F02AF962A400D97E35 /* ProjetMobileUITestsLaunchTests.swift in Sources */,
				DB8A59EE2AF962A400D97E35 /* ProjetMobileUITests.swift in Sources */,
			);
			runOnlyForDeploymentPostprocessing = 0;
		};
/* End PBXSourcesBuildPhase section */

/* Begin PBXTargetDependency section */
		DB8A59E12AF962A400D97E35 /* PBXTargetDependency */ = {
			isa = PBXTargetDependency;
			target = DB8A59C82AF962A300D97E35 /* ProjetMobile */;
			targetProxy = DB8A59E02AF962A400D97E35 /* PBXContainerItemProxy */;
		};
		DB8A59EB2AF962A400D97E35 /* PBXTargetDependency */ = {
			isa = PBXTargetDependency;
			target = DB8A59C82AF962A300D97E35 /* ProjetMobile */;
			targetProxy = DB8A59EA2AF962A400D97E35 /* PBXContainerItemProxy */;
		};
/* End PBXTargetDependency section */

/* Begin XCBuildConfiguration section */
		DB8A59F12AF962A400D97E35 /* Debug */ = {
			isa = XCBuildConfiguration;
			buildSettings = {
				ALWAYS_SEARCH_USER_PATHS = NO;
				CLANG_ANALYZER_NONNULL = YES;
				CLANG_ANALYZER_NUMBER_OBJECT_CONVERSION = YES_AGGRESSIVE;
				CLANG_CXX_LANGUAGE_STANDARD = "gnu++20";
				CLANG_ENABLE_MODULES = YES;
				CLANG_ENABLE_OBJC_ARC = YES;
				CLANG_ENABLE_OBJC_WEAK = YES;
				CLANG_WARN_BLOCK_CAPTURE_AUTORELEASING = YES;
				CLANG_WARN_BOOL_CONVERSION = YES;
				CLANG_WARN_COMMA = YES;
				CLANG_WARN_CONSTANT_CONVERSION = YES;
				CLANG_WARN_DEPRECATED_OBJC_IMPLEMENTATIONS = YES;
				CLANG_WARN_DIRECT_OBJC_ISA_USAGE = YES_ERROR;
				CLANG_WARN_DOCUMENTATION_COMMENTS = YES;
				CLANG_WARN_EMPTY_BODY = YES;
				CLANG_WARN_ENUM_CONVERSION = YES;
				CLANG_WARN_INFINITE_RECURSION = YES;
				CLANG_WARN_INT_CONVERSION = YES;
				CLANG_WARN_NON_LITERAL_NULL_CONVERSION = YES;
				CLANG_WARN_OBJC_IMPLICIT_RETAIN_SELF = YES;
				CLANG_WARN_OBJC_LITERAL_CONVERSION = YES;
				CLANG_WARN_OBJC_ROOT_CLASS = YES_ERROR;
				CLANG_WARN_QUOTED_INCLUDE_IN_FRAMEWORK_HEADER = YES;
				CLANG_WARN_RANGE_LOOP_ANALYSIS = YES;
				CLANG_WARN_STRICT_PROTOTYPES = YES;
				CLANG_WARN_SUSPICIOUS_MOVE = YES;
				CLANG_WARN_UNGUARDED_AVAILABILITY = YES_AGGRESSIVE;
				CLANG_WARN_UNREACHABLE_CODE = YES;
				CLANG_WARN__DUPLICATE_METHOD_MATCH = YES;
				COPY_PHASE_STRIP = NO;
				DEBUG_INFORMATION_FORMAT = dwarf;
				ENABLE_STRICT_OBJC_MSGSEND = YES;
				ENABLE_TESTABILITY = YES;
				GCC_C_LANGUAGE_STANDARD = gnu11;
				GCC_DYNAMIC_NO_PIC = NO;
				GCC_NO_COMMON_BLOCKS = YES;
				GCC_OPTIMIZATION_LEVEL = 0;
				GCC_PREPROCESSOR_DEFINITIONS = (
					"DEBUG=1",
					"$(inherited)",
				);
				GCC_WARN_64_TO_32_BIT_CONVERSION = YES;
				GCC_WARN_ABOUT_RETURN_TYPE = YES_ERROR;
				GCC_WARN_UNDECLARED_SELECTOR = YES;
				GCC_WARN_UNINITIALIZED_AUTOS = YES_AGGRESSIVE;
				GCC_WARN_UNUSED_FUNCTION = YES;
				GCC_WARN_UNUSED_VARIABLE = YES;
				MTL_ENABLE_DEBUG_INFO = INCLUDE_SOURCE;
				MTL_FAST_MATH = YES;
				ONLY_ACTIVE_ARCH = YES;
				SWIFT_ACTIVE_COMPILATION_CONDITIONS = DEBUG;
				SWIFT_OPTIMIZATION_LEVEL = "-Onone";
			};
			name = Debug;
		};
		DB8A59F22AF962A400D97E35 /* Release */ = {
			isa = XCBuildConfiguration;
			buildSettings = {
				ALWAYS_SEARCH_USER_PATHS = NO;
				CLANG_ANALYZER_NONNULL = YES;
				CLANG_ANALYZER_NUMBER_OBJECT_CONVERSION = YES_AGGRESSIVE;
				CLANG_CXX_LANGUAGE_STANDARD = "gnu++20";
				CLANG_ENABLE_MODULES = YES;
				CLANG_ENABLE_OBJC_ARC = YES;
				CLANG_ENABLE_OBJC_WEAK = YES;
				CLANG_WARN_BLOCK_CAPTURE_AUTORELEASING = YES;
				CLANG_WARN_BOOL_CONVERSION = YES;
				CLANG_WARN_COMMA = YES;
				CLANG_WARN_CONSTANT_CONVERSION = YES;
				CLANG_WARN_DEPRECATED_OBJC_IMPLEMENTATIONS = YES;
				CLANG_WARN_DIRECT_OBJC_ISA_USAGE = YES_ERROR;
				CLANG_WARN_DOCUMENTATION_COMMENTS = YES;
				CLANG_WARN_EMPTY_BODY = YES;
				CLANG_WARN_ENUM_CONVERSION = YES;
				CLANG_WARN_INFINITE_RECURSION = YES;
				CLANG_WARN_INT_CONVERSION = YES;
				CLANG_WARN_NON_LITERAL_NULL_CONVERSION = YES;
				CLANG_WARN_OBJC_IMPLICIT_RETAIN_SELF = YES;
				CLANG_WARN_OBJC_LITERAL_CONVERSION = YES;
				CLANG_WARN_OBJC_ROOT_CLASS = YES_ERROR;
				CLANG_WARN_QUOTED_INCLUDE_IN_FRAMEWORK_HEADER = YES;
				CLANG_WARN_RANGE_LOOP_ANALYSIS = YES;
				CLANG_WARN_STRICT_PROTOTYPES = YES;
				CLANG_WARN_SUSPICIOUS_MOVE = YES;
				CLANG_WARN_UNGUARDED_AVAILABILITY = YES_AGGRESSIVE;
				CLANG_WARN_UNREACHABLE_CODE = YES;
				CLANG_WARN__DUPLICATE_METHOD_MATCH = YES;
				COPY_PHASE_STRIP = NO;
				DEBUG_INFORMATION_FORMAT = "dwarf-with-dsym";
				ENABLE_NS_ASSERTIONS = NO;
				ENABLE_STRICT_OBJC_MSGSEND = YES;
				GCC_C_LANGUAGE_STANDARD = gnu11;
				GCC_NO_COMMON_BLOCKS = YES;
				GCC_WARN_64_TO_32_BIT_CONVERSION = YES;
				GCC_WARN_ABOUT_RETURN_TYPE = YES_ERROR;
				GCC_WARN_UNDECLARED_SELECTOR = YES;
				GCC_WARN_UNINITIALIZED_AUTOS = YES_AGGRESSIVE;
				GCC_WARN_UNUSED_FUNCTION = YES;
				GCC_WARN_UNUSED_VARIABLE = YES;
				MTL_ENABLE_DEBUG_INFO = NO;
				MTL_FAST_MATH = YES;
				SWIFT_COMPILATION_MODE = wholemodule;
				SWIFT_OPTIMIZATION_LEVEL = "-O";
			};
			name = Release;
		};
		DB8A59F42AF962A400D97E35 /* Debug */ = {
			isa = XCBuildConfiguration;
			buildSettings = {
				ASSETCATALOG_COMPILER_APPICON_NAME = AppIcon;
				ASSETCATALOG_COMPILER_GLOBAL_ACCENT_COLOR_NAME = AccentColor;
				CODE_SIGN_ENTITLEMENTS = ProjetMobile/ProjetMobile.entitlements;
				CODE_SIGN_STYLE = Automatic;
				CURRENT_PROJECT_VERSION = 1;
				DEVELOPMENT_ASSET_PATHS = "\"ProjetMobile/Preview Content\"";
				ENABLE_PREVIEWS = YES;
				GENERATE_INFOPLIST_FILE = YES;
				"INFOPLIST_KEY_UIApplicationSceneManifest_Generation[sdk=iphoneos*]" = YES;
				"INFOPLIST_KEY_UIApplicationSceneManifest_Generation[sdk=iphonesimulator*]" = YES;
				"INFOPLIST_KEY_UIApplicationSupportsIndirectInputEvents[sdk=iphoneos*]" = YES;
				"INFOPLIST_KEY_UIApplicationSupportsIndirectInputEvents[sdk=iphonesimulator*]" = YES;
				"INFOPLIST_KEY_UILaunchScreen_Generation[sdk=iphoneos*]" = YES;
				"INFOPLIST_KEY_UILaunchScreen_Generation[sdk=iphonesimulator*]" = YES;
				"INFOPLIST_KEY_UIStatusBarStyle[sdk=iphoneos*]" = UIStatusBarStyleDefault;
				"INFOPLIST_KEY_UIStatusBarStyle[sdk=iphonesimulator*]" = UIStatusBarStyleDefault;
				INFOPLIST_KEY_UISupportedInterfaceOrientations_iPad = "UIInterfaceOrientationPortrait UIInterfaceOrientationPortraitUpsideDown UIInterfaceOrientationLandscapeLeft UIInterfaceOrientationLandscapeRight";
				INFOPLIST_KEY_UISupportedInterfaceOrientations_iPhone = "UIInterfaceOrientationPortrait UIInterfaceOrientationLandscapeLeft UIInterfaceOrientationLandscapeRight";
				IPHONEOS_DEPLOYMENT_TARGET = 16.1;
				LD_RUNPATH_SEARCH_PATHS = "@executable_path/Frameworks";
				"LD_RUNPATH_SEARCH_PATHS[sdk=macosx*]" = "@executable_path/../Frameworks";
				MACOSX_DEPLOYMENT_TARGET = 13.0;
				MARKETING_VERSION = 1.0;
				PRODUCT_BUNDLE_IDENTIFIER = Test.ProjetMobile;
				PRODUCT_NAME = "$(TARGET_NAME)";
				SDKROOT = auto;
				SUPPORTED_PLATFORMS = "iphoneos iphonesimulator macosx";
				SWIFT_EMIT_LOC_STRINGS = YES;
				SWIFT_VERSION = 5.0;
				TARGETED_DEVICE_FAMILY = "1,2";
			};
			name = Debug;
		};
		DB8A59F52AF962A400D97E35 /* Release */ = {
			isa = XCBuildConfiguration;
			buildSettings = {
				ASSETCATALOG_COMPILER_APPICON_NAME = AppIcon;
				ASSETCATALOG_COMPILER_GLOBAL_ACCENT_COLOR_NAME = AccentColor;
				CODE_SIGN_ENTITLEMENTS = ProjetMobile/ProjetMobile.entitlements;
				CODE_SIGN_STYLE = Automatic;
				CURRENT_PROJECT_VERSION = 1;
				DEVELOPMENT_ASSET_PATHS = "\"ProjetMobile/Preview Content\"";
				ENABLE_PREVIEWS = YES;
				GENERATE_INFOPLIST_FILE = YES;
				"INFOPLIST_KEY_UIApplicationSceneManifest_Generation[sdk=iphoneos*]" = YES;
				"INFOPLIST_KEY_UIApplicationSceneManifest_Generation[sdk=iphonesimulator*]" = YES;
				"INFOPLIST_KEY_UIApplicationSupportsIndirectInputEvents[sdk=iphoneos*]" = YES;
				"INFOPLIST_KEY_UIApplicationSupportsIndirectInputEvents[sdk=iphonesimulator*]" = YES;
				"INFOPLIST_KEY_UILaunchScreen_Generation[sdk=iphoneos*]" = YES;
				"INFOPLIST_KEY_UILaunchScreen_Generation[sdk=iphonesimulator*]" = YES;
				"INFOPLIST_KEY_UIStatusBarStyle[sdk=iphoneos*]" = UIStatusBarStyleDefault;
				"INFOPLIST_KEY_UIStatusBarStyle[sdk=iphonesimulator*]" = UIStatusBarStyleDefault;
				INFOPLIST_KEY_UISupportedInterfaceOrientations_iPad = "UIInterfaceOrientationPortrait UIInterfaceOrientationPortraitUpsideDown UIInterfaceOrientationLandscapeLeft UIInterfaceOrientationLandscapeRight";
				INFOPLIST_KEY_UISupportedInterfaceOrientations_iPhone = "UIInterfaceOrientationPortrait UIInterfaceOrientationLandscapeLeft UIInterfaceOrientationLandscapeRight";
				IPHONEOS_DEPLOYMENT_TARGET = 16.1;
				LD_RUNPATH_SEARCH_PATHS = "@executable_path/Frameworks";
				"LD_RUNPATH_SEARCH_PATHS[sdk=macosx*]" = "@executable_path/../Frameworks";
				MACOSX_DEPLOYMENT_TARGET = 13.0;
				MARKETING_VERSION = 1.0;
				PRODUCT_BUNDLE_IDENTIFIER = Test.ProjetMobile;
				PRODUCT_NAME = "$(TARGET_NAME)";
				SDKROOT = auto;
				SUPPORTED_PLATFORMS = "iphoneos iphonesimulator macosx";
				SWIFT_EMIT_LOC_STRINGS = YES;
				SWIFT_VERSION = 5.0;
				TARGETED_DEVICE_FAMILY = "1,2";
			};
			name = Release;
		};
		DB8A59F72AF962A400D97E35 /* Debug */ = {
			isa = XCBuildConfiguration;
			buildSettings = {
				ALWAYS_EMBED_SWIFT_STANDARD_LIBRARIES = YES;
				BUNDLE_LOADER = "$(TEST_HOST)";
				CODE_SIGN_STYLE = Automatic;
				CURRENT_PROJECT_VERSION = 1;
				GENERATE_INFOPLIST_FILE = YES;
				IPHONEOS_DEPLOYMENT_TARGET = 16.1;
				MACOSX_DEPLOYMENT_TARGET = 13.0;
				MARKETING_VERSION = 1.0;
				PRODUCT_BUNDLE_IDENTIFIER = Test.ProjetMobileTests;
				PRODUCT_NAME = "$(TARGET_NAME)";
				SDKROOT = auto;
				SUPPORTED_PLATFORMS = "iphoneos iphonesimulator macosx";
				SWIFT_EMIT_LOC_STRINGS = NO;
				SWIFT_VERSION = 5.0;
				TARGETED_DEVICE_FAMILY = "1,2";
				TEST_HOST = "$(BUILT_PRODUCTS_DIR)/ProjetMobile.app/$(BUNDLE_EXECUTABLE_FOLDER_PATH)/ProjetMobile";
			};
			name = Debug;
		};
		DB8A59F82AF962A400D97E35 /* Release */ = {
			isa = XCBuildConfiguration;
			buildSettings = {
				ALWAYS_EMBED_SWIFT_STANDARD_LIBRARIES = YES;
				BUNDLE_LOADER = "$(TEST_HOST)";
				CODE_SIGN_STYLE = Automatic;
				CURRENT_PROJECT_VERSION = 1;
				GENERATE_INFOPLIST_FILE = YES;
				IPHONEOS_DEPLOYMENT_TARGET = 16.1;
				MACOSX_DEPLOYMENT_TARGET = 13.0;
				MARKETING_VERSION = 1.0;
				PRODUCT_BUNDLE_IDENTIFIER = Test.ProjetMobileTests;
				PRODUCT_NAME = "$(TARGET_NAME)";
				SDKROOT = auto;
				SUPPORTED_PLATFORMS = "iphoneos iphonesimulator macosx";
				SWIFT_EMIT_LOC_STRINGS = NO;
				SWIFT_VERSION = 5.0;
				TARGETED_DEVICE_FAMILY = "1,2";
				TEST_HOST = "$(BUILT_PRODUCTS_DIR)/ProjetMobile.app/$(BUNDLE_EXECUTABLE_FOLDER_PATH)/ProjetMobile";
			};
			name = Release;
		};
		DB8A59FA2AF962A400D97E35 /* Debug */ = {
			isa = XCBuildConfiguration;
			buildSettings = {
				ALWAYS_EMBED_SWIFT_STANDARD_LIBRARIES = YES;
				CODE_SIGN_STYLE = Automatic;
				CURRENT_PROJECT_VERSION = 1;
				GENERATE_INFOPLIST_FILE = YES;
				IPHONEOS_DEPLOYMENT_TARGET = 16.1;
				MACOSX_DEPLOYMENT_TARGET = 13.0;
				MARKETING_VERSION = 1.0;
				PRODUCT_BUNDLE_IDENTIFIER = Test.ProjetMobileUITests;
				PRODUCT_NAME = "$(TARGET_NAME)";
				SDKROOT = auto;
				SUPPORTED_PLATFORMS = "iphoneos iphonesimulator macosx";
				SWIFT_EMIT_LOC_STRINGS = NO;
				SWIFT_VERSION = 5.0;
				TARGETED_DEVICE_FAMILY = "1,2";
				TEST_TARGET_NAME = ProjetMobile;
			};
			name = Debug;
		};
		DB8A59FB2AF962A400D97E35 /* Release */ = {
			isa = XCBuildConfiguration;
			buildSettings = {
				ALWAYS_EMBED_SWIFT_STANDARD_LIBRARIES = YES;
				CODE_SIGN_STYLE = Automatic;
				CURRENT_PROJECT_VERSION = 1;
				GENERATE_INFOPLIST_FILE = YES;
				IPHONEOS_DEPLOYMENT_TARGET = 16.1;
				MACOSX_DEPLOYMENT_TARGET = 13.0;
				MARKETING_VERSION = 1.0;
				PRODUCT_BUNDLE_IDENTIFIER = Test.ProjetMobileUITests;
				PRODUCT_NAME = "$(TARGET_NAME)";
				SDKROOT = auto;
				SUPPORTED_PLATFORMS = "iphoneos iphonesimulator macosx";
				SWIFT_EMIT_LOC_STRINGS = NO;
				SWIFT_VERSION = 5.0;
				TARGETED_DEVICE_FAMILY = "1,2";
				TEST_TARGET_NAME = ProjetMobile;
			};
			name = Release;
		};
/* End XCBuildConfiguration section */

/* Begin XCConfigurationList section */
		DB8A59C42AF962A300D97E35 /* Build configuration list for PBXProject "ProjetMobile" */ = {
			isa = XCConfigurationList;
			buildConfigurations = (
				DB8A59F12AF962A400D97E35 /* Debug */,
				DB8A59F22AF962A400D97E35 /* Release */,
			);
			defaultConfigurationIsVisible = 0;
			defaultConfigurationName = Release;
		};
		DB8A59F32AF962A400D97E35 /* Build configuration list for PBXNativeTarget "ProjetMobile" */ = {
			isa = XCConfigurationList;
			buildConfigurations = (
				DB8A59F42AF962A400D97E35 /* Debug */,
				DB8A59F52AF962A400D97E35 /* Release */,
			);
			defaultConfigurationIsVisible = 0;
			defaultConfigurationName = Release;
		};
		DB8A59F62AF962A400D97E35 /* Build configuration list for PBXNativeTarget "ProjetMobileTests" */ = {
			isa = XCConfigurationList;
			buildConfigurations = (
				DB8A59F72AF962A400D97E35 /* Debug */,
				DB8A59F82AF962A400D97E35 /* Release */,
			);
			defaultConfigurationIsVisible = 0;
			defaultConfigurationName = Release;
		};
		DB8A59F92AF962A400D97E35 /* Build configuration list for PBXNativeTarget "ProjetMobileUITests" */ = {
			isa = XCConfigurationList;
			buildConfigurations = (
				DB8A59FA2AF962A400D97E35 /* Debug */,
				DB8A59FB2AF962A400D97E35 /* Release */,
			);
			defaultConfigurationIsVisible = 0;
			defaultConfigurationName = Release;
		};
/* End XCConfigurationList section */

/* Begin XCVersionGroup section */
		DB8A59D02AF962A300D97E35 /* ProjetMobile.xcdatamodeld */ = {
			isa = XCVersionGroup;
			children = (
				DB8A59D12AF962A300D97E35 /* ProjetMobile.xcdatamodel */,
			);
			currentVersion = DB8A59D12AF962A300D97E35 /* ProjetMobile.xcdatamodel */;
			path = ProjetMobile.xcdatamodeld;
			sourceTree = "<group>";
			versionGroupType = wrapper.xcdatamodel;
		};
/* End XCVersionGroup section */
	};
	rootObject = DB8A59C12AF962A300D97E35 /* Project object */;
}
